
Microsoft Visual Studio Solution File, Format Version 12.00
# Visual Studio 15
Project("{FAE04EC0-301F-11D3-BF4B-00C04F79EFBC}") = "scale.Android", "scale.Android\scale.Android.csproj", "{592E0E4C-3BCB-4585-B1D0-4F169409D7C1}"
EndProject
Project("{FAE04EC0-301F-11D3-BF4B-00C04F79EFBC}") = "scale.iOS", "scale.iOS\scale.iOS.csproj", "{92BBAAEB-1066-4CC7-82B8-2E5478D3EA89}"
EndProject
Project("{FAE04EC0-301F-11D3-BF4B-00C04F79EFBC}") = "scale", "scale\scale.csproj", "{8C09C33D-5044-4D9E-9D58-49C5B7274F5E}"
EndProject
Global
	GlobalSection(SolutionConfigurationPlatforms) = preSolution
		Debug|Any CPU = Debug|Any CPU
		Release|Any CPU = Release|Any CPU
		Debug|iPhoneSimulator = Debug|iPhoneSimulator
		Release|iPhoneSimulator = Release|iPhoneSimulator
		Debug|iPhone = Debug|iPhone
		Release|iPhone = Release|iPhone
	EndGlobalSection
	GlobalSection(ProjectConfigurationPlatforms) = postSolution
		{592E0E4C-3BCB-4585-B1D0-4F169409D7C1}.Debug|Any CPU.ActiveCfg = Debug|Any CPU
		{592E0E4C-3BCB-4585-B1D0-4F169409D7C1}.Debug|Any CPU.Build.0 = Debug|Any CPU
		{592E0E4C-3BCB-4585-B1D0-4F169409D7C1}.Release|Any CPU.ActiveCfg = Release|Any CPU
		{592E0E4C-3BCB-4585-B1D0-4F169409D7C1}.Release|Any CPU.Build.0 = Release|Any CPU
		{592E0E4C-3BCB-4585-B1D0-4F169409D7C1}.Debug|iPhoneSimulator.ActiveCfg = Debug|Any CPU
		{592E0E4C-3BCB-4585-B1D0-4F169409D7C1}.Debug|iPhoneSimulator.Build.0 = Debug|Any CPU
		{592E0E4C-3BCB-4585-B1D0-4F169409D7C1}.Release|iPhoneSimulator.ActiveCfg = Release|Any CPU
		{592E0E4C-3BCB-4585-B1D0-4F169409D7C1}.Release|iPhoneSimulator.Build.0 = Release|Any CPU
		{592E0E4C-3BCB-4585-B1D0-4F169409D7C1}.Debug|iPhone.ActiveCfg = Debug|Any CPU
		{592E0E4C-3BCB-4585-B1D0-4F169409D7C1}.Debug|iPhone.Build.0 = Debug|Any CPU
		{592E0E4C-3BCB-4585-B1D0-4F169409D7C1}.Release|iPhone.ActiveCfg = Release|Any CPU
		{592E0E4C-3BCB-4585-B1D0-4F169409D7C1}.Release|iPhone.Build.0 = Release|Any CPU
		{92BBAAEB-1066-4CC7-82B8-2E5478D3EA89}.Debug|Any CPU.ActiveCfg = Debug|iPhoneSimulator
		{92BBAAEB-1066-4CC7-82B8-2E5478D3EA89}.Debug|Any CPU.Build.0 = Debug|iPhoneSimulator
		{92BBAAEB-1066-4CC7-82B8-2E5478D3EA89}.Release|Any CPU.ActiveCfg = Release|iPhoneSimulator
		{92BBAAEB-1066-4CC7-82B8-2E5478D3EA89}.Release|Any CPU.Build.0 = Release|iPhoneSimulator
		{92BBAAEB-1066-4CC7-82B8-2E5478D3EA89}.Debug|iPhoneSimulator.ActiveCfg = Debug|iPhoneSimulator
		{92BBAAEB-1066-4CC7-82B8-2E5478D3EA89}.Debug|iPhoneSimulator.Build.0 = Debug|iPhoneSimulator
		{92BBAAEB-1066-4CC7-82B8-2E5478D3EA89}.Release|iPhoneSimulator.ActiveCfg = Release|iPhoneSimulator
		{92BBAAEB-1066-4CC7-82B8-2E5478D3EA89}.Release|iPhoneSimulator.Build.0 = Release|iPhoneSimulator
		{92BBAAEB-1066-4CC7-82B8-2E5478D3EA89}.Debug|iPhone.ActiveCfg = Debug|iPhone
		{92BBAAEB-1066-4CC7-82B8-2E5478D3EA89}.Debug|iPhone.Build.0 = Debug|iPhone
		{92BBAAEB-1066-4CC7-82B8-2E5478D3EA89}.Release|iPhone.ActiveCfg = Release|iPhone
		{92BBAAEB-1066-4CC7-82B8-2E5478D3EA89}.Release|iPhone.Build.0 = Release|iPhone
		{8C09C33D-5044-4D9E-9D58-49C5B7274F5E}.Debug|Any CPU.ActiveCfg = Debug|Any CPU
		{8C09C33D-5044-4D9E-9D58-49C5B7274F5E}.Debug|Any CPU.Build.0 = Debug|Any CPU
		{8C09C33D-5044-4D9E-9D58-49C5B7274F5E}.Release|Any CPU.ActiveCfg = Release|Any CPU
		{8C09C33D-5044-4D9E-9D58-49C5B7274F5E}.Release|Any CPU.Build.0 = Release|Any CPU
		{8C09C33D-5044-4D9E-9D58-49C5B7274F5E}.Debug|iPhoneSimulator.ActiveCfg = Debug|Any CPU
		{8C09C33D-5044-4D9E-9D58-49C5B7274F5E}.Debug|iPhoneSimulator.Build.0 = Debug|Any CPU
		{8C09C33D-5044-4D9E-9D58-49C5B7274F5E}.Release|iPhoneSimulator.ActiveCfg = Release|Any CPU
		{8C09C33D-5044-4D9E-9D58-49C5B7274F5E}.Release|iPhoneSimulator.Build.0 = Release|Any CPU
		{8C09C33D-5044-4D9E-9D58-49C5B7274F5E}.Debug|iPhone.ActiveCfg = Debug|Any CPU
		{8C09C33D-5044-4D9E-9D58-49C5B7274F5E}.Debug|iPhone.Build.0 = Debug|Any CPU
		{8C09C33D-5044-4D9E-9D58-49C5B7274F5E}.Release|iPhone.ActiveCfg = Release|Any CPU
		{8C09C33D-5044-4D9E-9D58-49C5B7274F5E}.Release|iPhone.Build.0 = Release|Any CPU
	EndGlobalSection
EndGlobal
